// !$*UTF8*$!
{
	archiveVersion = 1;
	classes = {
	};
	objectVersion = 46;
	objects = {

/* Begin PBXBuildFile section */
		DA0037601D9182F4002B3787 /* AppDelegate.swift in Sources */ = {isa = PBXBuildFile; fileRef = DA00375F1D9182F4002B3787 /* AppDelegate.swift */; };
		DA0037621D9182F4002B3787 /* ViewController.swift in Sources */ = {isa = PBXBuildFile; fileRef = DA0037611D9182F4002B3787 /* ViewController.swift */; };
		DA0037671D9182F4002B3787 /* Assets.xcassets in Resources */ = {isa = PBXBuildFile; fileRef = DA0037661D9182F4002B3787 /* Assets.xcassets */; };
		DA00376A1D9182F4002B3787 /* LaunchScreen.storyboard in Resources */ = {isa = PBXBuildFile; fileRef = DA0037681D9182F4002B3787 /* LaunchScreen.storyboard */; };
		DA0037751D9182F4002B3787 /* DYZBTests.swift in Sources */ = {isa = PBXBuildFile; fileRef = DA0037741D9182F4002B3787 /* DYZBTests.swift */; };
		DA0037801D9182F4002B3787 /* DYZBUITests.swift in Sources */ = {isa = PBXBuildFile; fileRef = DA00377F1D9182F4002B3787 /* DYZBUITests.swift */; };
		DA0037B01D92CEDD002B3787 /* Main.storyboard in Resources */ = {isa = PBXBuildFile; fileRef = DA0037AF1D92CEDD002B3787 /* Main.storyboard */; };
		DA0037B21D92D516002B3787 /* Live.storyboard in Resources */ = {isa = PBXBuildFile; fileRef = DA0037B11D92D516002B3787 /* Live.storyboard */; };
		DA0037B41D92D528002B3787 /* Profile.storyboard in Resources */ = {isa = PBXBuildFile; fileRef = DA0037B31D92D528002B3787 /* Profile.storyboard */; };
		DA0037B61D92D547002B3787 /* Fellow.storyboard in Resources */ = {isa = PBXBuildFile; fileRef = DA0037B51D92D547002B3787 /* Fellow.storyboard */; };
		DA0037B81D92D55A002B3787 /* Home.storyboard in Resources */ = {isa = PBXBuildFile; fileRef = DA0037B71D92D55A002B3787 /* Home.storyboard */; };
		DA0037BF1D92D5B6002B3787 /* MainViewController.swift in Sources */ = {isa = PBXBuildFile; fileRef = DA0037BE1D92D5B6002B3787 /* MainViewController.swift */; };
		DA0037C41D92D60D002B3787 /* HomeViewController.swift in Sources */ = {isa = PBXBuildFile; fileRef = DA0037C31D92D60D002B3787 /* HomeViewController.swift */; };
		DA06771B1D9BEA68006B4DC9 /* RecommendViewController.swift in Sources */ = {isa = PBXBuildFile; fileRef = DA06771A1D9BEA68006B4DC9 /* RecommendViewController.swift */; };
		DA06771E1D9BFF88006B4DC9 /* CollectionHeaderView.swift in Sources */ = {isa = PBXBuildFile; fileRef = DA06771C1D9BFF88006B4DC9 /* CollectionHeaderView.swift */; };
		DA06771F1D9BFF88006B4DC9 /* CollectionHeaderView.xib in Resources */ = {isa = PBXBuildFile; fileRef = DA06771D1D9BFF88006B4DC9 /* CollectionHeaderView.xib */; };
		DA0677221D9C04B7006B4DC9 /* CollectionNormalCell.swift in Sources */ = {isa = PBXBuildFile; fileRef = DA0677201D9C04B7006B4DC9 /* CollectionNormalCell.swift */; };
		DA0677231D9C04B7006B4DC9 /* CollectionNormalCell.xib in Resources */ = {isa = PBXBuildFile; fileRef = DA0677211D9C04B7006B4DC9 /* CollectionNormalCell.xib */; };
		DA0677261D9C1056006B4DC9 /* CollectionPrettyCell.swift in Sources */ = {isa = PBXBuildFile; fileRef = DA0677241D9C1056006B4DC9 /* CollectionPrettyCell.swift */; };
		DA0677271D9C1056006B4DC9 /* CollectionPrettyCell.xib in Resources */ = {isa = PBXBuildFile; fileRef = DA0677251D9C1056006B4DC9 /* CollectionPrettyCell.xib */; };
		DA0C20721D9D4C0A00EA7E5C /* NetWorkTools.swift in Sources */ = {isa = PBXBuildFile; fileRef = DA0C20711D9D4C0A00EA7E5C /* NetWorkTools.swift */; };
		DA13E4F11DAA741A00E7A4D6 /* Alamofire.framework in Frameworks */ = {isa = PBXBuildFile; fileRef = DA13E4E41DAA73E700E7A4D6 /* Alamofire.framework */; };
		DA13E4F21DAA741A00E7A4D6 /* Alamofire.framework in Embed Frameworks */ = {isa = PBXBuildFile; fileRef = DA13E4E41DAA73E700E7A4D6 /* Alamofire.framework */; settings = {ATTRIBUTES = (CodeSignOnCopy, RemoveHeadersOnCopy, ); }; };
		DA9D918A1D92DAEB008776B5 /* UIBarButton_Extension.swift in Sources */ = {isa = PBXBuildFile; fileRef = DA9D91891D92DAEB008776B5 /* UIBarButton_Extension.swift */; };
		DA9D918C1D9404F1008776B5 /* PageTitleView.swift in Sources */ = {isa = PBXBuildFile; fileRef = DA9D918B1D9404F1008776B5 /* PageTitleView.swift */; };
		DA9D91901D97B5A7008776B5 /* Common.swift in Sources */ = {isa = PBXBuildFile; fileRef = DA9D918F1D97B5A7008776B5 /* Common.swift */; };
		DA9D91921D97CE99008776B5 /* PagecontentView.swift in Sources */ = {isa = PBXBuildFile; fileRef = DA9D91911D97CE99008776B5 /* PagecontentView.swift */; };
		DA9D91941D97D1A7008776B5 /* UIColor-Extension.swift in Sources */ = {isa = PBXBuildFile; fileRef = DA9D91931D97D1A7008776B5 /* UIColor-Extension.swift */; };
/* End PBXBuildFile section */

/* Begin PBXContainerItemProxy section */
		DA0037711D9182F4002B3787 /* PBXContainerItemProxy */ = {
			isa = PBXContainerItemProxy;
			containerPortal = DA0037541D9182F4002B3787 /* Project object */;
			proxyType = 1;
			remoteGlobalIDString = DA00375B1D9182F4002B3787;
			remoteInfo = DYZB;
		};
		DA00377C1D9182F4002B3787 /* PBXContainerItemProxy */ = {
			isa = PBXContainerItemProxy;
			containerPortal = DA0037541D9182F4002B3787 /* Project object */;
			proxyType = 1;
			remoteGlobalIDString = DA00375B1D9182F4002B3787;
			remoteInfo = DYZB;
		};
		DA13E4E31DAA73E700E7A4D6 /* PBXContainerItemProxy */ = {
			isa = PBXContainerItemProxy;
			containerPortal = DA13E4D81DAA73E700E7A4D6 /* Alamofire.xcodeproj */;
			proxyType = 2;
			remoteGlobalIDString = F8111E3319A95C8B0040E7D1;
			remoteInfo = "Alamofire iOS";
		};
		DA13E4E51DAA73E700E7A4D6 /* PBXContainerItemProxy */ = {
			isa = PBXContainerItemProxy;
			containerPortal = DA13E4D81DAA73E700E7A4D6 /* Alamofire.xcodeproj */;
			proxyType = 2;
			remoteGlobalIDString = F8111E3E19A95C8B0040E7D1;
			remoteInfo = "Alamofire iOS Tests";
		};
		DA13E4E71DAA73E700E7A4D6 /* PBXContainerItemProxy */ = {
			isa = PBXContainerItemProxy;
			containerPortal = DA13E4D81DAA73E700E7A4D6 /* Alamofire.xcodeproj */;
			proxyType = 2;
			remoteGlobalIDString = 4DD67C0B1A5C55C900ED2280;
			remoteInfo = "Alamofire macOS";
		};
		DA13E4E91DAA73E700E7A4D6 /* PBXContainerItemProxy */ = {
			isa = PBXContainerItemProxy;
			containerPortal = DA13E4D81DAA73E700E7A4D6 /* Alamofire.xcodeproj */;
			proxyType = 2;
			remoteGlobalIDString = F829C6B21A7A94F100A2CD59;
			remoteInfo = "Alamofire macOS Tests";
		};
		DA13E4EB1DAA73E700E7A4D6 /* PBXContainerItemProxy */ = {
			isa = PBXContainerItemProxy;
			containerPortal = DA13E4D81DAA73E700E7A4D6 /* Alamofire.xcodeproj */;
			proxyType = 2;
			remoteGlobalIDString = 4CF626EF1BA7CB3E0011A099;
			remoteInfo = "Alamofire tvOS";
		};
		DA13E4ED1DAA73E700E7A4D6 /* PBXContainerItemProxy */ = {
			isa = PBXContainerItemProxy;
			containerPortal = DA13E4D81DAA73E700E7A4D6 /* Alamofire.xcodeproj */;
			proxyType = 2;
			remoteGlobalIDString = 4CF626F81BA7CB3E0011A099;
			remoteInfo = "Alamofire tvOS Tests";
		};
		DA13E4EF1DAA73E700E7A4D6 /* PBXContainerItemProxy */ = {
			isa = PBXContainerItemProxy;
			containerPortal = DA13E4D81DAA73E700E7A4D6 /* Alamofire.xcodeproj */;
			proxyType = 2;
			remoteGlobalIDString = E4202FE01B667AA100C997FB;
			remoteInfo = "Alamofire watchOS";
		};
		DA13E4F31DAA741A00E7A4D6 /* PBXContainerItemProxy */ = {
			isa = PBXContainerItemProxy;
			containerPortal = DA13E4D81DAA73E700E7A4D6 /* Alamofire.xcodeproj */;
			proxyType = 1;
			remoteGlobalIDString = F8111E3219A95C8B0040E7D1;
			remoteInfo = "Alamofire iOS";
		};
/* End PBXContainerItemProxy section */

/* Begin PBXCopyFilesBuildPhase section */
		DA13E4F51DAA741A00E7A4D6 /* Embed Frameworks */ = {
			isa = PBXCopyFilesBuildPhase;
			buildActionMask = 2147483647;
			dstPath = "";
			dstSubfolderSpec = 10;
			files = (
				DA13E4F21DAA741A00E7A4D6 /* Alamofire.framework in Embed Frameworks */,
			);
			name = "Embed Frameworks";
			runOnlyForDeploymentPostprocessing = 0;
		};
/* End PBXCopyFilesBuildPhase section */

/* Begin PBXFileReference section */
		DA00375C1D9182F4002B3787 /* DYZB.app */ = {isa = PBXFileReference; explicitFileType = wrapper.application; includeInIndex = 0; path = DYZB.app; sourceTree = BUILT_PRODUCTS_DIR; };
		DA00375F1D9182F4002B3787 /* AppDelegate.swift */ = {isa = PBXFileReference; lastKnownFileType = sourcecode.swift; path = AppDelegate.swift; sourceTree = "<group>"; };
		DA0037611D9182F4002B3787 /* ViewController.swift */ = {isa = PBXFileReference; lastKnownFileType = sourcecode.swift; path = ViewController.swift; sourceTree = "<group>"; };
		DA0037661D9182F4002B3787 /* Assets.xcassets */ = {isa = PBXFileReference; lastKnownFileType = folder.assetcatalog; path = Assets.xcassets; sourceTree = "<group>"; };
		DA0037691D9182F4002B3787 /* Base */ = {isa = PBXFileReference; lastKnownFileType = file.storyboard; name = Base; path = Base.lproj/LaunchScreen.storyboard; sourceTree = "<group>"; };
		DA00376B1D9182F4002B3787 /* Info.plist */ = {isa = PBXFileReference; lastKnownFileType = text.plist.xml; path = Info.plist; sourceTree = "<group>"; };
		DA0037701D9182F4002B3787 /* DYZBTests.xctest */ = {isa = PBXFileReference; explicitFileType = wrapper.cfbundle; includeInIndex = 0; path = DYZBTests.xctest; sourceTree = BUILT_PRODUCTS_DIR; };
		DA0037741D9182F4002B3787 /* DYZBTests.swift */ = {isa = PBXFileReference; lastKnownFileType = sourcecode.swift; path = DYZBTests.swift; sourceTree = "<group>"; };
		DA0037761D9182F4002B3787 /* Info.plist */ = {isa = PBXFileReference; lastKnownFileType = text.plist.xml; path = Info.plist; sourceTree = "<group>"; };
		DA00377B1D9182F4002B3787 /* DYZBUITests.xctest */ = {isa = PBXFileReference; explicitFileType = wrapper.cfbundle; includeInIndex = 0; path = DYZBUITests.xctest; sourceTree = BUILT_PRODUCTS_DIR; };
		DA00377F1D9182F4002B3787 /* DYZBUITests.swift */ = {isa = PBXFileReference; lastKnownFileType = sourcecode.swift; path = DYZBUITests.swift; sourceTree = "<group>"; };
		DA0037811D9182F4002B3787 /* Info.plist */ = {isa = PBXFileReference; lastKnownFileType = text.plist.xml; path = Info.plist; sourceTree = "<group>"; };
		DA0037AF1D92CEDD002B3787 /* Main.storyboard */ = {isa = PBXFileReference; fileEncoding = 4; lastKnownFileType = file.storyboard; path = Main.storyboard; sourceTree = "<group>"; };
		DA0037B11D92D516002B3787 /* Live.storyboard */ = {isa = PBXFileReference; fileEncoding = 4; lastKnownFileType = file.storyboard; path = Live.storyboard; sourceTree = "<group>"; };
		DA0037B31D92D528002B3787 /* Profile.storyboard */ = {isa = PBXFileReference; fileEncoding = 4; lastKnownFileType = file.storyboard; path = Profile.storyboard; sourceTree = "<group>"; };
		DA0037B51D92D547002B3787 /* Fellow.storyboard */ = {isa = PBXFileReference; fileEncoding = 4; lastKnownFileType = file.storyboard; path = Fellow.storyboard; sourceTree = "<group>"; };
		DA0037B71D92D55A002B3787 /* Home.storyboard */ = {isa = PBXFileReference; fileEncoding = 4; lastKnownFileType = file.storyboard; path = Home.storyboard; sourceTree = "<group>"; };
		DA0037BE1D92D5B6002B3787 /* MainViewController.swift */ = {isa = PBXFileReference; fileEncoding = 4; lastKnownFileType = sourcecode.swift; path = MainViewController.swift; sourceTree = "<group>"; };
		DA0037C31D92D60D002B3787 /* HomeViewController.swift */ = {isa = PBXFileReference; fileEncoding = 4; lastKnownFileType = sourcecode.swift; path = HomeViewController.swift; sourceTree = "<group>"; };
		DA06771A1D9BEA68006B4DC9 /* RecommendViewController.swift */ = {isa = PBXFileReference; fileEncoding = 4; lastKnownFileType = sourcecode.swift; path = RecommendViewController.swift; sourceTree = "<group>"; };
		DA06771C1D9BFF88006B4DC9 /* CollectionHeaderView.swift */ = {isa = PBXFileReference; fileEncoding = 4; lastKnownFileType = sourcecode.swift; path = CollectionHeaderView.swift; sourceTree = "<group>"; };
		DA06771D1D9BFF88006B4DC9 /* CollectionHeaderView.xib */ = {isa = PBXFileReference; fileEncoding = 4; lastKnownFileType = file.xib; path = CollectionHeaderView.xib; sourceTree = "<group>"; };
		DA0677201D9C04B7006B4DC9 /* CollectionNormalCell.swift */ = {isa = PBXFileReference; fileEncoding = 4; lastKnownFileType = sourcecode.swift; path = CollectionNormalCell.swift; sourceTree = "<group>"; };
		DA0677211D9C04B7006B4DC9 /* CollectionNormalCell.xib */ = {isa = PBXFileReference; fileEncoding = 4; lastKnownFileType = file.xib; path = CollectionNormalCell.xib; sourceTree = "<group>"; };
		DA0677241D9C1056006B4DC9 /* CollectionPrettyCell.swift */ = {isa = PBXFileReference; fileEncoding = 4; lastKnownFileType = sourcecode.swift; path = CollectionPrettyCell.swift; sourceTree = "<group>"; };
		DA0677251D9C1056006B4DC9 /* CollectionPrettyCell.xib */ = {isa = PBXFileReference; fileEncoding = 4; lastKnownFileType = file.xib; path = CollectionPrettyCell.xib; sourceTree = "<group>"; };
		DA0C20711D9D4C0A00EA7E5C /* NetWorkTools.swift */ = {isa = PBXFileReference; fileEncoding = 4; lastKnownFileType = sourcecode.swift; path = NetWorkTools.swift; sourceTree = "<group>"; };
		DA13E4D81DAA73E700E7A4D6 /* Alamofire.xcodeproj */ = {isa = PBXFileReference; lastKnownFileType = "wrapper.pb-project"; name = Alamofire.xcodeproj; path = "Alamofire-master/Alamofire.xcodeproj"; sourceTree = "<group>"; };
		DA9D91891D92DAEB008776B5 /* UIBarButton_Extension.swift */ = {isa = PBXFileReference; fileEncoding = 4; lastKnownFileType = sourcecode.swift; path = UIBarButton_Extension.swift; sourceTree = "<group>"; };
		DA9D918B1D9404F1008776B5 /* PageTitleView.swift */ = {isa = PBXFileReference; fileEncoding = 4; lastKnownFileType = sourcecode.swift; path = PageTitleView.swift; sourceTree = "<group>"; };
		DA9D918F1D97B5A7008776B5 /* Common.swift */ = {isa = PBXFileReference; fileEncoding = 4; lastKnownFileType = sourcecode.swift; path = Common.swift; sourceTree = "<group>"; };
		DA9D91911D97CE99008776B5 /* PagecontentView.swift */ = {isa = PBXFileReference; fileEncoding = 4; lastKnownFileType = sourcecode.swift; path = PagecontentView.swift; sourceTree = "<group>"; };
		DA9D91931D97D1A7008776B5 /* UIColor-Extension.swift */ = {isa = PBXFileReference; fileEncoding = 4; lastKnownFileType = sourcecode.swift; path = "UIColor-Extension.swift"; sourceTree = "<group>"; };
/* End PBXFileReference section */

/* Begin PBXFrameworksBuildPhase section */
		DA0037591D9182F4002B3787 /* Frameworks */ = {
			isa = PBXFrameworksBuildPhase;
			buildActionMask = 2147483647;
			files = (
				DA13E4F11DAA741A00E7A4D6 /* Alamofire.framework in Frameworks */,
			);
			runOnlyForDeploymentPostprocessing = 0;
		};
		DA00376D1D9182F4002B3787 /* Frameworks */ = {
			isa = PBXFrameworksBuildPhase;
			buildActionMask = 2147483647;
			files = (
			);
			runOnlyForDeploymentPostprocessing = 0;
		};
		DA0037781D9182F4002B3787 /* Frameworks */ = {
			isa = PBXFrameworksBuildPhase;
			buildActionMask = 2147483647;
			files = (
			);
			runOnlyForDeploymentPostprocessing = 0;
		};
/* End PBXFrameworksBuildPhase section */

/* Begin PBXGroup section */
		DA0037531D9182F4002B3787 = {
			isa = PBXGroup;
			children = (
				DA13E4D81DAA73E700E7A4D6 /* Alamofire.xcodeproj */,
				DA00375E1D9182F4002B3787 /* DYZB */,
				DA0037731D9182F4002B3787 /* DYZBTests */,
				DA00377E1D9182F4002B3787 /* DYZBUITests */,
				DA00375D1D9182F4002B3787 /* Products */,
			);
			sourceTree = "<group>";
		};
		DA00375D1D9182F4002B3787 /* Products */ = {
			isa = PBXGroup;
			children = (
				DA00375C1D9182F4002B3787 /* DYZB.app */,
				DA0037701D9182F4002B3787 /* DYZBTests.xctest */,
				DA00377B1D9182F4002B3787 /* DYZBUITests.xctest */,
			);
			name = Products;
			sourceTree = "<group>";
		};
		DA00375E1D9182F4002B3787 /* DYZB */ = {
			isa = PBXGroup;
			children = (
				DA00378D1D92BA05002B3787 /* Classes */,
				DA00375F1D9182F4002B3787 /* AppDelegate.swift */,
				DA0037611D9182F4002B3787 /* ViewController.swift */,
				DA0037661D9182F4002B3787 /* Assets.xcassets */,
				DA0037681D9182F4002B3787 /* LaunchScreen.storyboard */,
				DA00376B1D9182F4002B3787 /* Info.plist */,
			);
			path = DYZB;
			sourceTree = "<group>";
		};
		DA0037731D9182F4002B3787 /* DYZBTests */ = {
			isa = PBXGroup;
			children = (
				DA0037741D9182F4002B3787 /* DYZBTests.swift */,
				DA0037761D9182F4002B3787 /* Info.plist */,
			);
			path = DYZBTests;
			sourceTree = "<group>";
		};
		DA00377E1D9182F4002B3787 /* DYZBUITests */ = {
			isa = PBXGroup;
			children = (
				DA00377F1D9182F4002B3787 /* DYZBUITests.swift */,
				DA0037811D9182F4002B3787 /* Info.plist */,
			);
			path = DYZBUITests;
			sourceTree = "<group>";
		};
		DA00378D1D92BA05002B3787 /* Classes */ = {
			isa = PBXGroup;
			children = (
				DA00378E1D92BA34002B3787 /* Main */,
				DA00378F1D92BA56002B3787 /* Home */,
				DA0037901D92BA69002B3787 /* Live */,
				DA0037911D92BA7E002B3787 /* Fellow */,
				DA0037921D92BA95002B3787 /* Profile */,
				DA0037931D92BAAB002B3787 /* Tools */,
			);
			path = Classes;
			sourceTree = "<group>";
		};
		DA00378E1D92BA34002B3787 /* Main */ = {
			isa = PBXGroup;
			children = (
				DA0037BB1D92D5B6002B3787 /* Model */,
				DA0037BC1D92D5B6002B3787 /* View */,
				DA0037BD1D92D5B6002B3787 /* ViewController */,
				DA0037AF1D92CEDD002B3787 /* Main.storyboard */,
			);
			path = Main;
			sourceTree = "<group>";
		};
		DA00378F1D92BA56002B3787 /* Home */ = {
			isa = PBXGroup;
			children = (
				DA0037C01D92D5F6002B3787 /* Model */,
				DA0037C11D92D5F6002B3787 /* View */,
				DA0037C21D92D5F6002B3787 /* ViewController */,
				DA0037B71D92D55A002B3787 /* Home.storyboard */,
			);
			path = Home;
			sourceTree = "<group>";
		};
		DA0037901D92BA69002B3787 /* Live */ = {
			isa = PBXGroup;
			children = (
				DA0037B11D92D516002B3787 /* Live.storyboard */,
			);
			path = Live;
			sourceTree = "<group>";
		};
		DA0037911D92BA7E002B3787 /* Fellow */ = {
			isa = PBXGroup;
			children = (
				DA0037B51D92D547002B3787 /* Fellow.storyboard */,
			);
			path = Fellow;
			sourceTree = "<group>";
		};
		DA0037921D92BA95002B3787 /* Profile */ = {
			isa = PBXGroup;
			children = (
				DA0037B31D92D528002B3787 /* Profile.storyboard */,
			);
			path = Profile;
			sourceTree = "<group>";
		};
		DA0037931D92BAAB002B3787 /* Tools */ = {
			isa = PBXGroup;
			children = (
				DA9D91891D92DAEB008776B5 /* UIBarButton_Extension.swift */,
				DA9D918F1D97B5A7008776B5 /* Common.swift */,
				DA9D91931D97D1A7008776B5 /* UIColor-Extension.swift */,
				DA0C20711D9D4C0A00EA7E5C /* NetWorkTools.swift */,
			);
			path = Tools;
			sourceTree = "<group>";
		};
		DA0037BB1D92D5B6002B3787 /* Model */ = {
			isa = PBXGroup;
			children = (
			);
			path = Model;
			sourceTree = "<group>";
		};
		DA0037BC1D92D5B6002B3787 /* View */ = {
			isa = PBXGroup;
			children = (
				DA9D918B1D9404F1008776B5 /* PageTitleView.swift */,
				DA9D91911D97CE99008776B5 /* PagecontentView.swift */,
				DA0677201D9C04B7006B4DC9 /* CollectionNormalCell.swift */,
				DA0677211D9C04B7006B4DC9 /* CollectionNormalCell.xib */,
				DA0677241D9C1056006B4DC9 /* CollectionPrettyCell.swift */,
				DA0677251D9C1056006B4DC9 /* CollectionPrettyCell.xib */,
			);
			path = View;
			sourceTree = "<group>";
		};
		DA0037BD1D92D5B6002B3787 /* ViewController */ = {
			isa = PBXGroup;
			children = (
				DA0037BE1D92D5B6002B3787 /* MainViewController.swift */,
			);
			path = ViewController;
			sourceTree = "<group>";
		};
		DA0037C01D92D5F6002B3787 /* Model */ = {
			isa = PBXGroup;
			children = (
			);
			path = Model;
			sourceTree = "<group>";
		};
		DA0037C11D92D5F6002B3787 /* View */ = {
			isa = PBXGroup;
			children = (
				DA06771C1D9BFF88006B4DC9 /* CollectionHeaderView.swift */,
				DA06771D1D9BFF88006B4DC9 /* CollectionHeaderView.xib */,
			);
			path = View;
			sourceTree = "<group>";
		};
		DA0037C21D92D5F6002B3787 /* ViewController */ = {
			isa = PBXGroup;
			children = (
				DA0037C31D92D60D002B3787 /* HomeViewController.swift */,
				DA06771A1D9BEA68006B4DC9 /* RecommendViewController.swift */,
			);
			path = ViewController;
			sourceTree = "<group>";
		};
		DA13E4D91DAA73E700E7A4D6 /* Products */ = {
			isa = PBXGroup;
			children = (
				DA13E4E41DAA73E700E7A4D6 /* Alamofire.framework */,
				DA13E4E61DAA73E700E7A4D6 /* Alamofire iOS Tests.xctest */,
				DA13E4E81DAA73E700E7A4D6 /* Alamofire.framework */,
				DA13E4EA1DAA73E700E7A4D6 /* Alamofire macOS Tests.xctest */,
				DA13E4EC1DAA73E700E7A4D6 /* Alamofire.framework */,
				DA13E4EE1DAA73E700E7A4D6 /* Alamofire tvOS Tests.xctest */,
				DA13E4F01DAA73E700E7A4D6 /* Alamofire.framework */,
			);
			name = Products;
			sourceTree = "<group>";
		};
/* End PBXGroup section */

/* Begin PBXNativeTarget section */
		DA00375B1D9182F4002B3787 /* DYZB */ = {
			isa = PBXNativeTarget;
			buildConfigurationList = DA0037841D9182F4002B3787 /* Build configuration list for PBXNativeTarget "DYZB" */;
			buildPhases = (
				DA0037581D9182F4002B3787 /* Sources */,
				DA0037591D9182F4002B3787 /* Frameworks */,
				DA00375A1D9182F4002B3787 /* Resources */,
				DA13E4F51DAA741A00E7A4D6 /* Embed Frameworks */,
			);
			buildRules = (
			);
			dependencies = (
				DA13E4F41DAA741A00E7A4D6 /* PBXTargetDependency */,
			);
			name = DYZB;
			productName = DYZB;
			productReference = DA00375C1D9182F4002B3787 /* DYZB.app */;
			productType = "com.apple.product-type.application";
		};
		DA00376F1D9182F4002B3787 /* DYZBTests */ = {
			isa = PBXNativeTarget;
			buildConfigurationList = DA0037871D9182F4002B3787 /* Build configuration list for PBXNativeTarget "DYZBTests" */;
			buildPhases = (
				DA00376C1D9182F4002B3787 /* Sources */,
				DA00376D1D9182F4002B3787 /* Frameworks */,
				DA00376E1D9182F4002B3787 /* Resources */,
			);
			buildRules = (
			);
			dependencies = (
				DA0037721D9182F4002B3787 /* PBXTargetDependency */,
			);
			name = DYZBTests;
			productName = DYZBTests;
			productReference = DA0037701D9182F4002B3787 /* DYZBTests.xctest */;
			productType = "com.apple.product-type.bundle.unit-test";
		};
		DA00377A1D9182F4002B3787 /* DYZBUITests */ = {
			isa = PBXNativeTarget;
			buildConfigurationList = DA00378A1D9182F4002B3787 /* Build configuration list for PBXNativeTarget "DYZBUITests" */;
			buildPhases = (
				DA0037771D9182F4002B3787 /* Sources */,
				DA0037781D9182F4002B3787 /* Frameworks */,
				DA0037791D9182F4002B3787 /* Resources */,
			);
			buildRules = (
			);
			dependencies = (
				DA00377D1D9182F4002B3787 /* PBXTargetDependency */,
			);
			name = DYZBUITests;
			productName = DYZBUITests;
			productReference = DA00377B1D9182F4002B3787 /* DYZBUITests.xctest */;
			productType = "com.apple.product-type.bundle.ui-testing";
		};
/* End PBXNativeTarget section */

/* Begin PBXProject section */
		DA0037541D9182F4002B3787 /* Project object */ = {
			isa = PBXProject;
			attributes = {
				LastSwiftUpdateCheck = 0710;
				LastUpgradeCheck = 0710;
				ORGANIZATIONNAME = "郭吉刚";
				TargetAttributes = {
					DA00375B1D9182F4002B3787 = {
						CreatedOnToolsVersion = 7.1.1;
						DevelopmentTeam = DL8J4DD62Z;
						LastSwiftMigration = 0800;
					};
					DA00376F1D9182F4002B3787 = {
						CreatedOnToolsVersion = 7.1.1;
						DevelopmentTeam = DL8J4DD62Z;
						LastSwiftMigration = 0800;
						TestTargetID = DA00375B1D9182F4002B3787;
					};
					DA00377A1D9182F4002B3787 = {
						CreatedOnToolsVersion = 7.1.1;
						DevelopmentTeam = DL8J4DD62Z;
						LastSwiftMigration = 0800;
						TestTargetID = DA00375B1D9182F4002B3787;
					};
				};
			};
			buildConfigurationList = DA0037571D9182F4002B3787 /* Build configuration list for PBXProject "DYZB" */;
			compatibilityVersion = "Xcode 3.2";
			developmentRegion = English;
			hasScannedForEncodings = 0;
			knownRegions = (
				en,
				Base,
			);
			mainGroup = DA0037531D9182F4002B3787;
			productRefGroup = DA00375D1D9182F4002B3787 /* Products */;
			projectDirPath = "";
			projectReferences = (
				{
					ProductGroup = DA13E4D91DAA73E700E7A4D6 /* Products */;
					ProjectRef = DA13E4D81DAA73E700E7A4D6 /* Alamofire.xcodeproj */;
				},
			);
			projectRoot = "";
			targets = (
				DA00375B1D9182F4002B3787 /* DYZB */,
				DA00376F1D9182F4002B3787 /* DYZBTests */,
				DA00377A1D9182F4002B3787 /* DYZBUITests */,
			);
		};
/* End PBXProject section */

/* Begin PBXReferenceProxy section */
		DA13E4E41DAA73E700E7A4D6 /* Alamofire.framework */ = {
			isa = PBXReferenceProxy;
			fileType = wrapper.framework;
			path = Alamofire.framework;
			remoteRef = DA13E4E31DAA73E700E7A4D6 /* PBXContainerItemProxy */;
			sourceTree = BUILT_PRODUCTS_DIR;
		};
		DA13E4E61DAA73E700E7A4D6 /* Alamofire iOS Tests.xctest */ = {
			isa = PBXReferenceProxy;
			fileType = wrapper.cfbundle;
			path = "Alamofire iOS Tests.xctest";
			remoteRef = DA13E4E51DAA73E700E7A4D6 /* PBXContainerItemProxy */;
			sourceTree = BUILT_PRODUCTS_DIR;
		};
		DA13E4E81DAA73E700E7A4D6 /* Alamofire.framework */ = {
			isa = PBXReferenceProxy;
			fileType = wrapper.framework;
			path = Alamofire.framework;
			remoteRef = DA13E4E71DAA73E700E7A4D6 /* PBXContainerItemProxy */;
			sourceTree = BUILT_PRODUCTS_DIR;
		};
		DA13E4EA1DAA73E700E7A4D6 /* Alamofire macOS Tests.xctest */ = {
			isa = PBXReferenceProxy;
			fileType = wrapper.cfbundle;
			path = "Alamofire macOS Tests.xctest";
			remoteRef = DA13E4E91DAA73E700E7A4D6 /* PBXContainerItemProxy */;
			sourceTree = BUILT_PRODUCTS_DIR;
		};
		DA13E4EC1DAA73E700E7A4D6 /* Alamofire.framework */ = {
			isa = PBXReferenceProxy;
			fileType = wrapper.framework;
			path = Alamofire.framework;
			remoteRef = DA13E4EB1DAA73E700E7A4D6 /* PBXContainerItemProxy */;
			sourceTree = BUILT_PRODUCTS_DIR;
		};
		DA13E4EE1DAA73E700E7A4D6 /* Alamofire tvOS Tests.xctest */ = {
			isa = PBXReferenceProxy;
			fileType = wrapper.cfbundle;
			path = "Alamofire tvOS Tests.xctest";
			remoteRef = DA13E4ED1DAA73E700E7A4D6 /* PBXContainerItemProxy */;
			sourceTree = BUILT_PRODUCTS_DIR;
		};
		DA13E4F01DAA73E700E7A4D6 /* Alamofire.framework */ = {
			isa = PBXReferenceProxy;
			fileType = wrapper.framework;
			path = Alamofire.framework;
			remoteRef = DA13E4EF1DAA73E700E7A4D6 /* PBXContainerItemProxy */;
			sourceTree = BUILT_PRODUCTS_DIR;
		};
/* End PBXReferenceProxy section */

/* Begin PBXResourcesBuildPhase section */
		DA00375A1D9182F4002B3787 /* Resources */ = {
			isa = PBXResourcesBuildPhase;
			buildActionMask = 2147483647;
			files = (
				DA0037B01D92CEDD002B3787 /* Main.storyboard in Resources */,
				DA06771F1D9BFF88006B4DC9 /* CollectionHeaderView.xib in Resources */,
				DA0677231D9C04B7006B4DC9 /* CollectionNormalCell.xib in Resources */,
				DA0037B61D92D547002B3787 /* Fellow.storyboard in Resources */,
				DA00376A1D9182F4002B3787 /* LaunchScreen.storyboard in Resources */,
				DA0037B41D92D528002B3787 /* Profile.storyboard in Resources */,
				DA0037671D9182F4002B3787 /* Assets.xcassets in Resources */,
				DA0677271D9C1056006B4DC9 /* CollectionPrettyCell.xib in Resources */,
				DA0037B21D92D516002B3787 /* Live.storyboard in Resources */,
				DA0037B81D92D55A002B3787 /* Home.storyboard in Resources */,
			);
			runOnlyForDeploymentPostprocessing = 0;
		};
		DA00376E1D9182F4002B3787 /* Resources */ = {
			isa = PBXResourcesBuildPhase;
			buildActionMask = 2147483647;
			files = (
			);
			runOnlyForDeploymentPostprocessing = 0;
		};
		DA0037791D9182F4002B3787 /* Resources */ = {
			isa = PBXResourcesBuildPhase;
			buildActionMask = 2147483647;
			files = (
			);
			runOnlyForDeploymentPostprocessing = 0;
		};
/* End PBXResourcesBuildPhase section */

/* Begin PBXSourcesBuildPhase section */
		DA0037581D9182F4002B3787 /* Sources */ = {
			isa = PBXSourcesBuildPhase;
			buildActionMask = 2147483647;
			files = (
				DA9D918C1D9404F1008776B5 /* PageTitleView.swift in Sources */,
				DA06771E1D9BFF88006B4DC9 /* CollectionHeaderView.swift in Sources */,
				DA0037621D9182F4002B3787 /* ViewController.swift in Sources */,
				DA0037601D9182F4002B3787 /* AppDelegate.swift in Sources */,
				DA9D91921D97CE99008776B5 /* PagecontentView.swift in Sources */,
				DA0C20721D9D4C0A00EA7E5C /* NetWorkTools.swift in Sources */,
				DA9D91941D97D1A7008776B5 /* UIColor-Extension.swift in Sources */,
				DA0037BF1D92D5B6002B3787 /* MainViewController.swift in Sources */,
				DA9D918A1D92DAEB008776B5 /* UIBarButton_Extension.swift in Sources */,
				DA0037C41D92D60D002B3787 /* HomeViewController.swift in Sources */,
				DA9D91901D97B5A7008776B5 /* Common.swift in Sources */,
				DA0677261D9C1056006B4DC9 /* CollectionPrettyCell.swift in Sources */,
				DA0677221D9C04B7006B4DC9 /* CollectionNormalCell.swift in Sources */,
				DA06771B1D9BEA68006B4DC9 /* RecommendViewController.swift in Sources */,
			);
			runOnlyForDeploymentPostprocessing = 0;
		};
		DA00376C1D9182F4002B3787 /* Sources */ = {
			isa = PBXSourcesBuildPhase;
			buildActionMask = 2147483647;
			files = (
				DA0037751D9182F4002B3787 /* DYZBTests.swift in Sources */,
			);
			runOnlyForDeploymentPostprocessing = 0;
		};
		DA0037771D9182F4002B3787 /* Sources */ = {
			isa = PBXSourcesBuildPhase;
			buildActionMask = 2147483647;
			files = (
				DA0037801D9182F4002B3787 /* DYZBUITests.swift in Sources */,
			);
			runOnlyForDeploymentPostprocessing = 0;
		};
/* End PBXSourcesBuildPhase section */

/* Begin PBXTargetDependency section */
		DA0037721D9182F4002B3787 /* PBXTargetDependency */ = {
			isa = PBXTargetDependency;
			target = DA00375B1D9182F4002B3787 /* DYZB */;
			targetProxy = DA0037711D9182F4002B3787 /* PBXContainerItemProxy */;
		};
		DA00377D1D9182F4002B3787 /* PBXTargetDependency */ = {
			isa = PBXTargetDependency;
			target = DA00375B1D9182F4002B3787 /* DYZB */;
			targetProxy = DA00377C1D9182F4002B3787 /* PBXContainerItemProxy */;
		};
		DA13E4F41DAA741A00E7A4D6 /* PBXTargetDependency */ = {
			isa = PBXTargetDependency;
			name = "Alamofire iOS";
			targetProxy = DA13E4F31DAA741A00E7A4D6 /* PBXContainerItemProxy */;
		};
/* End PBXTargetDependency section */

/* Begin PBXVariantGroup section */
		DA0037681D9182F4002B3787 /* LaunchScreen.storyboard */ = {
			isa = PBXVariantGroup;
			children = (
				DA0037691D9182F4002B3787 /* Base */,
			);
			name = LaunchScreen.storyboard;
			sourceTree = "<group>";
		};
/* End PBXVariantGroup section */

/* Begin XCBuildConfiguration section */
		DA0037821D9182F4002B3787 /* Debug */ = {
			isa = XCBuildConfiguration;
			buildSettings = {
				ALWAYS_SEARCH_USER_PATHS = NO;
				CLANG_CXX_LANGUAGE_STANDARD = "gnu++0x";
				CLANG_CXX_LIBRARY = "libc++";
				CLANG_ENABLE_MODULES = YES;
				CLANG_ENABLE_OBJC_ARC = YES;
				CLANG_WARN_BOOL_CONVERSION = YES;
				CLANG_WARN_CONSTANT_CONVERSION = YES;
				CLANG_WARN_DIRECT_OBJC_ISA_USAGE = YES_ERROR;
				CLANG_WARN_EMPTY_BODY = YES;
				CLANG_WARN_ENUM_CONVERSION = YES;
				CLANG_WARN_INT_CONVERSION = YES;
				CLANG_WARN_OBJC_ROOT_CLASS = YES_ERROR;
				CLANG_WARN_UNREACHABLE_CODE = YES;
				CLANG_WARN__DUPLICATE_METHOD_MATCH = YES;
				"CODE_SIGN_IDENTITY[sdk=iphoneos*]" = "iPhone Developer";
				COPY_PHASE_STRIP = NO;
				DEBUG_INFORMATION_FORMAT = dwarf;
				ENABLE_STRICT_OBJC_MSGSEND = YES;
				ENABLE_TESTABILITY = YES;
				GCC_C_LANGUAGE_STANDARD = gnu99;
				GCC_DYNAMIC_NO_PIC = NO;
				GCC_NO_COMMON_BLOCKS = YES;
				GCC_OPTIMIZATION_LEVEL = 0;
				GCC_PREPROCESSOR_DEFINITIONS = (
					"DEBUG=1",
					"$(inherited)",
				);
				GCC_WARN_64_TO_32_BIT_CONVERSION = YES;
				GCC_WARN_ABOUT_RETURN_TYPE = YES_ERROR;
				GCC_WARN_UNDECLARED_SELECTOR = YES;
				GCC_WARN_UNINITIALIZED_AUTOS = YES_AGGRESSIVE;
				GCC_WARN_UNUSED_FUNCTION = YES;
				GCC_WARN_UNUSED_VARIABLE = YES;
				IPHONEOS_DEPLOYMENT_TARGET = 9.1;
				MTL_ENABLE_DEBUG_INFO = YES;
				ONLY_ACTIVE_ARCH = YES;
				SDKROOT = iphoneos;
				SWIFT_OPTIMIZATION_LEVEL = "-Onone";
			};
			name = Debug;
		};
		DA0037831D9182F4002B3787 /* Release */ = {
			isa = XCBuildConfiguration;
			buildSettings = {
				ALWAYS_SEARCH_USER_PATHS = NO;
				CLANG_CXX_LANGUAGE_STANDARD = "gnu++0x";
				CLANG_CXX_LIBRARY = "libc++";
				CLANG_ENABLE_MODULES = YES;
				CLANG_ENABLE_OBJC_ARC = YES;
				CLANG_WARN_BOOL_CONVERSION = YES;
				CLANG_WARN_CONSTANT_CONVERSION = YES;
				CLANG_WARN_DIRECT_OBJC_ISA_USAGE = YES_ERROR;
				CLANG_WARN_EMPTY_BODY = YES;
				CLANG_WARN_ENUM_CONVERSION = YES;
				CLANG_WARN_INT_CONVERSION = YES;
				CLANG_WARN_OBJC_ROOT_CLASS = YES_ERROR;
				CLANG_WARN_UNREACHABLE_CODE = YES;
				CLANG_WARN__DUPLICATE_METHOD_MATCH = YES;
				"CODE_SIGN_IDENTITY[sdk=iphoneos*]" = "iPhone Developer";
				COPY_PHASE_STRIP = NO;
				DEBUG_INFORMATION_FORMAT = "dwarf-with-dsym";
				ENABLE_NS_ASSERTIONS = NO;
				ENABLE_STRICT_OBJC_MSGSEND = YES;
				GCC_C_LANGUAGE_STANDARD = gnu99;
				GCC_NO_COMMON_BLOCKS = YES;
				GCC_WARN_64_TO_32_BIT_CONVERSION = YES;
				GCC_WARN_ABOUT_RETURN_TYPE = YES_ERROR;
				GCC_WARN_UNDECLARED_SELECTOR = YES;
				GCC_WARN_UNINITIALIZED_AUTOS = YES_AGGRESSIVE;
				GCC_WARN_UNUSED_FUNCTION = YES;
				GCC_WARN_UNUSED_VARIABLE = YES;
				IPHONEOS_DEPLOYMENT_TARGET = 9.1;
				MTL_ENABLE_DEBUG_INFO = NO;
				SDKROOT = iphoneos;
				VALIDATE_PRODUCT = YES;
			};
			name = Release;
		};
		DA0037851D9182F4002B3787 /* Debug */ = {
			isa = XCBuildConfiguration;
			buildSettings = {
				ALWAYS_EMBED_SWIFT_STANDARD_LIBRARIES = YES;
				ASSETCATALOG_COMPILER_APPICON_NAME = AppIcon;
				ASSETCATALOG_COMPILER_LAUNCHIMAGE_NAME = "Brand Assets";
				DEVELOPMENT_TEAM = DL8J4DD62Z;
				INFOPLIST_FILE = DYZB/Info.plist;
				IPHONEOS_DEPLOYMENT_TARGET = 10.0;
				LD_RUNPATH_SEARCH_PATHS = "$(inherited) @executable_path/Frameworks";
				PRODUCT_BUNDLE_IDENTIFIER = com.juehuo.zz;
				PRODUCT_NAME = "$(TARGET_NAME)";
				SWIFT_VERSION = 3.0;
			};
			name = Debug;
		};
		DA0037861D9182F4002B3787 /* Release */ = {
			isa = XCBuildConfiguration;
			buildSettings = {
				ALWAYS_EMBED_SWIFT_STANDARD_LIBRARIES = YES;
				ASSETCATALOG_COMPILER_APPICON_NAME = AppIcon;
				ASSETCATALOG_COMPILER_LAUNCHIMAGE_NAME = "Brand Assets";
				DEVELOPMENT_TEAM = DL8J4DD62Z;
				INFOPLIST_FILE = DYZB/Info.plist;
				IPHONEOS_DEPLOYMENT_TARGET = 10.0;
				LD_RUNPATH_SEARCH_PATHS = "$(inherited) @executable_path/Frameworks";
				PRODUCT_BUNDLE_IDENTIFIER = com.juehuo.zz;
				PRODUCT_NAME = "$(TARGET_NAME)";
				SWIFT_VERSION = 3.0;
			};
			name = Release;
		};
		DA0037881D9182F4002B3787 /* Debug */ = {
			isa = XCBuildConfiguration;
			buildSettings = {
				BUNDLE_LOADER = "$(TEST_HOST)";
				INFOPLIST_FILE = DYZBTests/Info.plist;
				LD_RUNPATH_SEARCH_PATHS = "$(inherited) @executable_path/Frameworks @loader_path/Frameworks";
				PRODUCT_BUNDLE_IDENTIFIER = guojigang.DYZBTests;
				PRODUCT_NAME = "$(TARGET_NAME)";
				SWIFT_VERSION = 3.0;
				TEST_HOST = "$(BUILT_PRODUCTS_DIR)/DYZB.app/DYZB";
			};
			name = Debug;
		};
		DA0037891D9182F4002B3787 /* Release */ = {
			isa = XCBuildConfiguration;
			buildSettings = {
				BUNDLE_LOADER = "$(TEST_HOST)";
				INFOPLIST_FILE = DYZBTests/Info.plist;
				LD_RUNPATH_SEARCH_PATHS = "$(inherited) @executable_path/Frameworks @loader_path/Frameworks";
				PRODUCT_BUNDLE_IDENTIFIER = guojigang.DYZBTests;
				PRODUCT_NAME = "$(TARGET_NAME)";
				SWIFT_VERSION = 3.0;
				TEST_HOST = "$(BUILT_PRODUCTS_DIR)/DYZB.app/DYZB";
			};
			name = Release;
		};
		DA00378B1D9182F4002B3787 /* Debug */ = {
			isa = XCBuildConfiguration;
			buildSettings = {
				INFOPLIST_FILE = DYZBUITests/Info.plist;
				LD_RUNPATH_SEARCH_PATHS = "$(inherited) @executable_path/Frameworks @loader_path/Frameworks";
				PRODUCT_BUNDLE_IDENTIFIER = guojigang.DYZBUITests;
				PRODUCT_NAME = "$(TARGET_NAME)";
				SWIFT_VERSION = 3.0;
				TEST_TARGET_NAME = DYZB;
				USES_XCTRUNNER = YES;
			};
			name = Debug;
		};
		DA00378C1D9182F4002B3787 /* Release */ = {
			isa = XCBuildConfiguration;
			buildSettings = {
				INFOPLIST_FILE = DYZBUITests/Info.plist;
				LD_RUNPATH_SEARCH_PATHS = "$(inherited) @executable_path/Frameworks @loader_path/Frameworks";
				PRODUCT_BUNDLE_IDENTIFIER = guojigang.DYZBUITests;
				PRODUCT_NAME = "$(TARGET_NAME)";
				SWIFT_VERSION = 3.0;
				TEST_TARGET_NAME = DYZB;
				USES_XCTRUNNER = YES;
			};
			name = Release;
		};
/* End XCBuildConfiguration section */

/* Begin XCConfigurationList section */
		DA0037571D9182F4002B3787 /* Build configuration list for PBXProject "DYZB" */ = {
			isa = XCConfigurationList;
			buildConfigurations = (
				DA0037821D9182F4002B3787 /* Debug */,
				DA0037831D9182F4002B3787 /* Release */,
			);
			defaultConfigurationIsVisible = 0;
			defaultConfigurationName = Release;
		};
		DA0037841D9182F4002B3787 /* Build configuration list for PBXNativeTarget "DYZB" */ = {
			isa = XCConfigurationList;
			buildConfigurations = (
				DA0037851D9182F4002B3787 /* Debug */,
				DA0037861D9182F4002B3787 /* Release */,
			);
			defaultConfigurationIsVisible = 0;
			defaultConfigurationName = Release;
		};
		DA0037871D9182F4002B3787 /* Build configuration list for PBXNativeTarget "DYZBTests" */ = {
			isa = XCConfigurationList;
			buildConfigurations = (
				DA0037881D9182F4002B3787 /* Debug */,
				DA0037891D9182F4002B3787 /* Release */,
			);
			defaultConfigurationIsVisible = 0;
			defaultConfigurationName = Release;
		};
		DA00378A1D9182F4002B3787 /* Build configuration list for PBXNativeTarget "DYZBUITests" */ = {
			isa = XCConfigurationList;
			buildConfigurations = (
				DA00378B1D9182F4002B3787 /* Debug */,
				DA00378C1D9182F4002B3787 /* Release */,
			);
			defaultConfigurationIsVisible = 0;
			defaultConfigurationName = Release;
		};
/* End XCConfigurationList section */
	};
	rootObject = DA0037541D9182F4002B3787 /* Project object */;
}
